
Microsoft Visual Studio Solution File, Format Version 12.00
# Visual Studio Version 17
VisualStudioVersion = 17.2.32602.215
MinimumVisualStudioVersion = 10.0.40219.1
Project("{9A19103F-16F7-4668-BE54-9A1E7A4F7556}") = "CDC.SbConsumer", "CDC.SbConsumer\CDC.SbConsumer.csproj", "{13E618A8-22B4-42EA-8E60-C80A9F12C02F}"
EndProject
Project("{2150E333-8FDC-42A3-9474-1A3956D46DE8}") = "SolutionItems", "SolutionItems", "{6CD6434B-5193-4694-874C-93DED3F55367}"
	ProjectSection(SolutionItems) = preProject
		.dockerignore = .dockerignore
		.gitignore = .gitignore
		README.md = README.md
	EndProjectSection
EndProject
Project("{9A19103F-16F7-4668-BE54-9A1E7A4F7556}") = "CDC.Domain", "CDC.Domain\CDC.Domain.csproj", "{DD52912B-D041-4A28-831B-D1178A21168C}"
EndProject
Project("{9A19103F-16F7-4668-BE54-9A1E7A4F7556}") = "CDC.EhConsumer", "CDC.EhConsumer\CDC.EhConsumer.csproj", "{69E43BDF-0F35-4677-81ED-27101F978FF6}"
EndProject
Project("{9A19103F-16F7-4668-BE54-9A1E7A4F7556}") = "CDC.EhProducer", "CDC.EhProducer\CDC.EhProducer.csproj", "{63C7B0A7-4BCB-47A2-9BF8-22057E00353E}"
EndProject
Project("{9A19103F-16F7-4668-BE54-9A1E7A4F7556}") = "CDC.CLI.Mongo", "CDC.CLI.Mongo\CDC.CLI.Mongo.csproj", "{97E80954-5C62-405D-9F47-E1EA46AB9885}"
EndProject
Project("{9A19103F-16F7-4668-BE54-9A1E7A4F7556}") = "CDC.CLI.EhProducer", "CDC.CLI.EhProducer\CDC.CLI.EhProducer.csproj", "{DA36B58D-D370-4483-8E98-E806AC9B8A77}"
EndProject
Project("{9A19103F-16F7-4668-BE54-9A1E7A4F7556}") = "CDC.CLI.CosmosGenerator", "CDC.CLI.CosmosGenerator\CDC.CLI.CosmosGenerator.csproj", "{B83FB95D-C1B8-4EE3-931F-BD03AE2723D5}"
EndProject
Project("{9A19103F-16F7-4668-BE54-9A1E7A4F7556}") = "CDC.GenericMicroserviceAPI", "CDC.GenericMicroserviceAPI\CDC.GenericMicroserviceAPI.csproj", "{69C94227-6235-4D1D-BC24-E8C017E56CE0}"
EndProject
Project("{2150E333-8FDC-42A3-9474-1A3956D46DE8}") = "Deployment", "Deployment", "{86AAF3D4-1A82-4247-8498-2DE731671275}"
	ProjectSection(SolutionItems) = preProject
		Deployment\deploy.ps1 = Deployment\deploy.ps1
		Deployment\main.bicep = Deployment\main.bicep
		Deployment\main.parameters.json = Deployment\main.parameters.json
		Deployment\README.md = Deployment\README.md
	EndProjectSection
EndProject
Project("{2150E333-8FDC-42A3-9474-1A3956D46DE8}") = "Components", "Components", "{BB92F6D1-8242-4F92-B978-0C22A4918746}"
	ProjectSection(SolutionItems) = preProject
		Deployment\Components\appInsights.bicep = Deployment\Components\appInsights.bicep
		Deployment\Components\appServicePlan.bicep = Deployment\Components\appServicePlan.bicep
		Deployment\Components\appServices.bicep = Deployment\Components\appServices.bicep
		Deployment\Components\containerRegistry.bicep = Deployment\Components\containerRegistry.bicep
		Deployment\Components\cosmos.bicep = Deployment\Components\cosmos.bicep
		Deployment\Components\dnsZoneLink.bicep = Deployment\Components\dnsZoneLink.bicep
		Deployment\Components\dnsZones.bicep = Deployment\Components\dnsZones.bicep
		Deployment\Components\eventHub.bicep = Deployment\Components\eventHub.bicep
		Deployment\Components\functionApp.bicep = Deployment\Components\functionApp.bicep
		Deployment\Components\keyVault.bicep = Deployment\Components\keyVault.bicep
		Deployment\Components\keyVaultSecret.bicep = Deployment\Components\keyVaultSecret.bicep
		Deployment\Components\logAnalyticsWorkspace.bicep = Deployment\Components\logAnalyticsWorkspace.bicep
		Deployment\Components\managedIdentity.bicep = Deployment\Components\managedIdentity.bicep
		Deployment\Components\nsg.bicep = Deployment\Components\nsg.bicep
		Deployment\Components\privateDnsZone.bicep = Deployment\Components\privateDnsZone.bicep
		Deployment\Components\privateEndpoint.bicep = Deployment\Components\privateEndpoint.bicep
		Deployment\Components\serviceBus.bicep = Deployment\Components\serviceBus.bicep
		Deployment\Components\storageAccount.bicep = Deployment\Components\storageAccount.bicep
		Deployment\Components\virtualMachine.bicep = Deployment\Components\virtualMachine.bicep
		Deployment\Components\virtualNetworkLink.bicep = Deployment\Components\virtualNetworkLink.bicep
		Deployment\Components\vnet.bicep = Deployment\Components\vnet.bicep
	EndProjectSection
EndProject
Project("{2150E333-8FDC-42A3-9474-1A3956D46DE8}") = "Modules", "Modules", "{7E3D08DF-1103-417F-870D-C14D6E80563F}"
	ProjectSection(SolutionItems) = preProject
		Deployment\Modules\containerRegistry.bicep = Deployment\Modules\containerRegistry.bicep
		Deployment\Modules\cosmos.bicep = Deployment\Modules\cosmos.bicep
		Deployment\Modules\eventHub.bicep = Deployment\Modules\eventHub.bicep
		Deployment\Modules\functionApps.bicep = Deployment\Modules\functionApps.bicep
		Deployment\Modules\keyVault.bicep = Deployment\Modules\keyVault.bicep
		Deployment\Modules\monitoring.bicep = Deployment\Modules\monitoring.bicep
		Deployment\Modules\networking.bicep = Deployment\Modules\networking.bicep
		Deployment\Modules\serviceBus.bicep = Deployment\Modules\serviceBus.bicep
		Deployment\Modules\storageLockdown.bicep = Deployment\Modules\storageLockdown.bicep
	EndProjectSection
EndProject
Global
	GlobalSection(SolutionConfigurationPlatforms) = preSolution
		Debug|Any CPU = Debug|Any CPU
		Release|Any CPU = Release|Any CPU
	EndGlobalSection
	GlobalSection(ProjectConfigurationPlatforms) = postSolution
		{13E618A8-22B4-42EA-8E60-C80A9F12C02F}.Debug|Any CPU.ActiveCfg = Debug|Any CPU
		{13E618A8-22B4-42EA-8E60-C80A9F12C02F}.Debug|Any CPU.Build.0 = Debug|Any CPU
		{13E618A8-22B4-42EA-8E60-C80A9F12C02F}.Release|Any CPU.ActiveCfg = Release|Any CPU
		{13E618A8-22B4-42EA-8E60-C80A9F12C02F}.Release|Any CPU.Build.0 = Release|Any CPU
		{DD52912B-D041-4A28-831B-D1178A21168C}.Debug|Any CPU.ActiveCfg = Debug|Any CPU
		{DD52912B-D041-4A28-831B-D1178A21168C}.Debug|Any CPU.Build.0 = Debug|Any CPU
		{DD52912B-D041-4A28-831B-D1178A21168C}.Release|Any CPU.ActiveCfg = Release|Any CPU
		{DD52912B-D041-4A28-831B-D1178A21168C}.Release|Any CPU.Build.0 = Release|Any CPU
		{69E43BDF-0F35-4677-81ED-27101F978FF6}.Debug|Any CPU.ActiveCfg = Debug|Any CPU
		{69E43BDF-0F35-4677-81ED-27101F978FF6}.Debug|Any CPU.Build.0 = Debug|Any CPU
		{69E43BDF-0F35-4677-81ED-27101F978FF6}.Release|Any CPU.ActiveCfg = Release|Any CPU
		{69E43BDF-0F35-4677-81ED-27101F978FF6}.Release|Any CPU.Build.0 = Release|Any CPU
		{63C7B0A7-4BCB-47A2-9BF8-22057E00353E}.Debug|Any CPU.ActiveCfg = Debug|Any CPU
		{63C7B0A7-4BCB-47A2-9BF8-22057E00353E}.Debug|Any CPU.Build.0 = Debug|Any CPU
		{63C7B0A7-4BCB-47A2-9BF8-22057E00353E}.Release|Any CPU.ActiveCfg = Release|Any CPU
		{63C7B0A7-4BCB-47A2-9BF8-22057E00353E}.Release|Any CPU.Build.0 = Release|Any CPU
		{97E80954-5C62-405D-9F47-E1EA46AB9885}.Debug|Any CPU.ActiveCfg = Debug|Any CPU
		{97E80954-5C62-405D-9F47-E1EA46AB9885}.Debug|Any CPU.Build.0 = Debug|Any CPU
		{97E80954-5C62-405D-9F47-E1EA46AB9885}.Release|Any CPU.ActiveCfg = Release|Any CPU
		{97E80954-5C62-405D-9F47-E1EA46AB9885}.Release|Any CPU.Build.0 = Release|Any CPU
		{DA36B58D-D370-4483-8E98-E806AC9B8A77}.Debug|Any CPU.ActiveCfg = Debug|Any CPU
		{DA36B58D-D370-4483-8E98-E806AC9B8A77}.Debug|Any CPU.Build.0 = Debug|Any CPU
		{DA36B58D-D370-4483-8E98-E806AC9B8A77}.Release|Any CPU.ActiveCfg = Release|Any CPU
		{DA36B58D-D370-4483-8E98-E806AC9B8A77}.Release|Any CPU.Build.0 = Release|Any CPU
		{B83FB95D-C1B8-4EE3-931F-BD03AE2723D5}.Debug|Any CPU.ActiveCfg = Debug|Any CPU
		{B83FB95D-C1B8-4EE3-931F-BD03AE2723D5}.Debug|Any CPU.Build.0 = Debug|Any CPU
		{B83FB95D-C1B8-4EE3-931F-BD03AE2723D5}.Release|Any CPU.ActiveCfg = Release|Any CPU
		{B83FB95D-C1B8-4EE3-931F-BD03AE2723D5}.Release|Any CPU.Build.0 = Release|Any CPU
		{69C94227-6235-4D1D-BC24-E8C017E56CE0}.Debug|Any CPU.ActiveCfg = Debug|Any CPU
		{69C94227-6235-4D1D-BC24-E8C017E56CE0}.Debug|Any CPU.Build.0 = Debug|Any CPU
		{69C94227-6235-4D1D-BC24-E8C017E56CE0}.Release|Any CPU.ActiveCfg = Release|Any CPU
		{69C94227-6235-4D1D-BC24-E8C017E56CE0}.Release|Any CPU.Build.0 = Release|Any CPU
	EndGlobalSection
	GlobalSection(SolutionProperties) = preSolution
		HideSolutionNode = FALSE
	EndGlobalSection
	GlobalSection(NestedProjects) = preSolution
		{BB92F6D1-8242-4F92-B978-0C22A4918746} = {86AAF3D4-1A82-4247-8498-2DE731671275}
		{7E3D08DF-1103-417F-870D-C14D6E80563F} = {86AAF3D4-1A82-4247-8498-2DE731671275}
	EndGlobalSection
	GlobalSection(ExtensibilityGlobals) = postSolution
		SolutionGuid = {A30597C0-5A75-48DE-B4AE-B13DA2F5FE0F}
	EndGlobalSection
EndGlobal
