
Microsoft Visual Studio Solution File, Format Version 12.00
# Visual Studio Version 17
VisualStudioVersion = 17.2.32602.215
MinimumVisualStudioVersion = 10.0.40219.1
Project("{9A19103F-16F7-4668-BE54-9A1E7A4F7556}") = "CDC.SbConsumer", "CDC.SbConsumer\CDC.SbConsumer.csproj", "{13E618A8-22B4-42EA-8E60-C80A9F12C02F}"
EndProject
Project("{9A19103F-16F7-4668-BE54-9A1E7A4F7556}") = "CDC.EhConsumer", "CDC.EhConsumer\CDC.EhConsumer.csproj", "{1B047BC4-0E1E-4CAB-8F68-D7780B91FBC0}"
EndProject
Project("{9A19103F-16F7-4668-BE54-9A1E7A4F7556}") = "CDC.EhProducer", "CDC.EhProducer\CDC.EhProducer.csproj", "{A2598574-DB5E-45A6-8A0D-C66B2F117460}"
EndProject
Project("{2150E333-8FDC-42A3-9474-1A3956D46DE8}") = "SolutionItems", "SolutionItems", "{6CD6434B-5193-4694-874C-93DED3F55367}"
	ProjectSection(SolutionItems) = preProject
		.dockerignore = .dockerignore
		.gitignore = .gitignore
		README.md = README.md
	EndProjectSection
EndProject
Project("{9A19103F-16F7-4668-BE54-9A1E7A4F7556}") = "CDC.EhListener", "CDC.EhListener\CDC.EhListener.csproj", "{106FD1EC-7922-4416-82B4-29462D1642B6}"
EndProject
Project("{FAE04EC0-301F-11D3-BF4B-00C04F79EFBC}") = "CDC.Domain", "CDC.Domain\CDC.Domain.csproj", "{DD52912B-D041-4A28-831B-D1178A21168C}"
EndProject
Global
	GlobalSection(SolutionConfigurationPlatforms) = preSolution
		Debug|Any CPU = Debug|Any CPU
		Release|Any CPU = Release|Any CPU
	EndGlobalSection
	GlobalSection(ProjectConfigurationPlatforms) = postSolution
		{13E618A8-22B4-42EA-8E60-C80A9F12C02F}.Debug|Any CPU.ActiveCfg = Debug|Any CPU
		{13E618A8-22B4-42EA-8E60-C80A9F12C02F}.Debug|Any CPU.Build.0 = Debug|Any CPU
		{13E618A8-22B4-42EA-8E60-C80A9F12C02F}.Release|Any CPU.ActiveCfg = Release|Any CPU
		{13E618A8-22B4-42EA-8E60-C80A9F12C02F}.Release|Any CPU.Build.0 = Release|Any CPU
		{1B047BC4-0E1E-4CAB-8F68-D7780B91FBC0}.Debug|Any CPU.ActiveCfg = Debug|Any CPU
		{1B047BC4-0E1E-4CAB-8F68-D7780B91FBC0}.Debug|Any CPU.Build.0 = Debug|Any CPU
		{1B047BC4-0E1E-4CAB-8F68-D7780B91FBC0}.Release|Any CPU.ActiveCfg = Release|Any CPU
		{1B047BC4-0E1E-4CAB-8F68-D7780B91FBC0}.Release|Any CPU.Build.0 = Release|Any CPU
		{A2598574-DB5E-45A6-8A0D-C66B2F117460}.Debug|Any CPU.ActiveCfg = Debug|Any CPU
		{A2598574-DB5E-45A6-8A0D-C66B2F117460}.Debug|Any CPU.Build.0 = Debug|Any CPU
		{A2598574-DB5E-45A6-8A0D-C66B2F117460}.Release|Any CPU.ActiveCfg = Release|Any CPU
		{A2598574-DB5E-45A6-8A0D-C66B2F117460}.Release|Any CPU.Build.0 = Release|Any CPU
		{106FD1EC-7922-4416-82B4-29462D1642B6}.Debug|Any CPU.ActiveCfg = Debug|Any CPU
		{106FD1EC-7922-4416-82B4-29462D1642B6}.Debug|Any CPU.Build.0 = Debug|Any CPU
		{106FD1EC-7922-4416-82B4-29462D1642B6}.Release|Any CPU.ActiveCfg = Release|Any CPU
		{106FD1EC-7922-4416-82B4-29462D1642B6}.Release|Any CPU.Build.0 = Release|Any CPU
		{DD52912B-D041-4A28-831B-D1178A21168C}.Debug|Any CPU.ActiveCfg = Debug|Any CPU
		{DD52912B-D041-4A28-831B-D1178A21168C}.Debug|Any CPU.Build.0 = Debug|Any CPU
		{DD52912B-D041-4A28-831B-D1178A21168C}.Release|Any CPU.ActiveCfg = Release|Any CPU
		{DD52912B-D041-4A28-831B-D1178A21168C}.Release|Any CPU.Build.0 = Release|Any CPU
	EndGlobalSection
	GlobalSection(SolutionProperties) = preSolution
		HideSolutionNode = FALSE
	EndGlobalSection
	GlobalSection(ExtensibilityGlobals) = postSolution
		SolutionGuid = {A30597C0-5A75-48DE-B4AE-B13DA2F5FE0F}
	EndGlobalSection
EndGlobal
